
Microsoft Visual Studio Solution File, Format Version 12.00
# Visual Studio Version 16
VisualStudioVersion = 16.0.34729.46
MinimumVisualStudioVersion = 10.0.40219.1
Project("{FAE04EC0-301F-11D3-BF4B-00C04F79EFBC}") = "SAILDashboard", "SAILDashboard\SAILDashboard.csproj", "{C33AD81A-7A5A-4DEA-AE07-191ECA946799}"
EndProject
Global
	GlobalSection(SolutionConfigurationPlatforms) = preSolution
		Debug|Any CPU = Debug|Any CPU
		Release|Any CPU = Release|Any CPU
	EndGlobalSection
	GlobalSection(ProjectConfigurationPlatforms) = postSolution
		{C33AD81A-7A5A-4DEA-AE07-191ECA946799}.Debug|Any CPU.ActiveCfg = Debug|Any CPU
		{C33AD81A-7A5A-4DEA-AE07-191ECA946799}.Debug|Any CPU.Build.0 = Debug|Any CPU
		{C33AD81A-7A5A-4DEA-AE07-191ECA946799}.Release|Any CPU.ActiveCfg = Release|Any CPU
		{C33AD81A-7A5A-4DEA-AE07-191ECA946799}.Release|Any CPU.Build.0 = Release|Any CPU
	EndGlobalSection
	GlobalSection(SolutionProperties) = preSolution
		HideSolutionNode = FALSE
	EndGlobalSection
	GlobalSection(ExtensibilityGlobals) = postSolution
		SolutionGuid = {62154ED3-FC02-4E37-A0DD-F28221DFEB5E}
	EndGlobalSection
EndGlobal
